PODS:
  - desktop_drop_for_t (0.0.1):
    - FlutterMacOS
  - flutter_inappwebview_macos (0.0.1):
    - FlutterMacOS
    - OrderedSet (~> 5.0)
  - FlutterMacOS (1.0.0)
  - OrderedSet (5.0.0)
  - package_info_plus (0.0.1):
    - FlutterMacOS
  - path_provider_foundation (0.0.1):
    - Flutter
    - FlutterMacOS
  - photo_manager (2.0.0):
    - Flutter
    - FlutterMacOS
  - rust_lib_adrop (0.0.1):
    - FlutterMacOS
  - screen_retriever (0.0.1):
    - FlutterMacOS
  - tray_manager (0.0.1):
    - FlutterMacOS
  - url_launcher_macos (0.0.1):
    - FlutterMacOS
  - video_player_avfoundation (0.0.1):
    - Flutter
    - FlutterMacOS
  - window_manager (0.2.0):
    - FlutterMacOS

DEPENDENCIES:
  - desktop_drop_for_t (from `Flutter/ephemeral/.symlinks/plugins/desktop_drop_for_t/macos`)
  - flutter_inappwebview_macos (from `Flutter/ephemeral/.symlinks/plugins/flutter_inappwebview_macos/macos`)
  - FlutterMacOS (from `Flutter/ephemeral`)
  - package_info_plus (from `Flutter/ephemeral/.symlinks/plugins/package_info_plus/macos`)
  - path_provider_foundation (from `Flutter/ephemeral/.symlinks/plugins/path_provider_foundation/darwin`)
  - photo_manager (from `Flutter/ephemeral/.symlinks/plugins/photo_manager/macos`)
  - rust_lib_adrop (from `Flutter/ephemeral/.symlinks/plugins/rust_lib_adrop/macos`)
  - screen_retriever (from `Flutter/ephemeral/.symlinks/plugins/screen_retriever/macos`)
  - tray_manager (from `Flutter/ephemeral/.symlinks/plugins/tray_manager/macos`)
  - url_launcher_macos (from `Flutter/ephemeral/.symlinks/plugins/url_launcher_macos/macos`)
  - video_player_avfoundation (from `Flutter/ephemeral/.symlinks/plugins/video_player_avfoundation/darwin`)
  - window_manager (from `Flutter/ephemeral/.symlinks/plugins/window_manager/macos`)

SPEC REPOS:
  trunk:
    - OrderedSet

EXTERNAL SOURCES:
  desktop_drop_for_t:
    :path: Flutter/ephemeral/.symlinks/plugins/desktop_drop_for_t/macos
  flutter_inappwebview_macos:
    :path: Flutter/ephemeral/.symlinks/plugins/flutter_inappwebview_macos/macos
  FlutterMacOS:
    :path: Flutter/ephemeral
  package_info_plus:
    :path: Flutter/ephemeral/.symlinks/plugins/package_info_plus/macos
  path_provider_foundation:
    :path: Flutter/ephemeral/.symlinks/plugins/path_provider_foundation/darwin
  photo_manager:
    :path: Flutter/ephemeral/.symlinks/plugins/photo_manager/macos
  rust_lib_adrop:
    :path: Flutter/ephemeral/.symlinks/plugins/rust_lib_adrop/macos
  screen_retriever:
    :path: Flutter/ephemeral/.symlinks/plugins/screen_retriever/macos
  tray_manager:
    :path: Flutter/ephemeral/.symlinks/plugins/tray_manager/macos
  url_launcher_macos:
    :path: Flutter/ephemeral/.symlinks/plugins/url_launcher_macos/macos
  video_player_avfoundation:
    :path: Flutter/ephemeral/.symlinks/plugins/video_player_avfoundation/darwin
  window_manager:
    :path: Flutter/ephemeral/.symlinks/plugins/window_manager/macos

SPEC CHECKSUMS:
  desktop_drop_for_t: f747e72749528e5a191744e334d473b72c1348ec
  flutter_inappwebview_macos: 9600c9df9fdb346aaa8933812009f8d94304203d
  FlutterMacOS: 8f6f14fa908a6fb3fba0cd85dbd81ec4b251fb24
  OrderedSet: aaeb196f7fef5a9edf55d89760da9176ad40b93c
  package_info_plus: fa739dd842b393193c5ca93c26798dff6e3d0e0c
  path_provider_foundation: 2b6b4c569c0fb62ec74538f866245ac84301af46
  photo_manager: ff695c7a1dd5bc379974953a2b5c0a293f7c4c8a
  rust_lib_adrop: 2147e2e80ada6b56bc935c61b62e49cdc50b6ea2
  screen_retriever: 59634572a57080243dd1bf715e55b6c54f241a38
  tray_manager: 9064e219c56d75c476e46b9a21182087930baf90
  url_launcher_macos: 5f437abeda8c85500ceb03f5c1938a8c5a705399
  video_player_avfoundation: 7c6c11d8470e1675df7397027218274b6d2360b3
  window_manager: 3a1844359a6295ab1e47659b1a777e36773cd6e8

PODFILE CHECKSUM: 9ebaf0ce3d369aaa26a9ea0e159195ed94724cf3

COCOAPODS: 1.15.2
